// !$*UTF8*$!
{
	archiveVersion = 1;
	classes = {
	};
	objectVersion = 56;
	objects = {

/* Begin PBXBuildFile section */
		C11062C02A677ADA004D6A81 /* HomeNaviViewController.swift in Sources */ = {isa = PBXBuildFile; fileRef = C11062BF2A677ADA004D6A81 /* HomeNaviViewController.swift */; };
		C138CDE52A68C71E005FD6E0 /* HomeTableHeaderView.swift in Sources */ = {isa = PBXBuildFile; fileRef = C138CDE42A68C71E005FD6E0 /* HomeTableHeaderView.swift */; };
		C138CDE82A692990005FD6E0 /* HomeCell.swift in Sources */ = {isa = PBXBuildFile; fileRef = C138CDE62A692990005FD6E0 /* HomeCell.swift */; };
		C138CDE92A692990005FD6E0 /* HomeCell.xib in Resources */ = {isa = PBXBuildFile; fileRef = C138CDE72A692990005FD6E0 /* HomeCell.xib */; };
		C15052762A6E0A43002E75D4 /* NewHotCell.swift in Sources */ = {isa = PBXBuildFile; fileRef = C15052752A6E0A43002E75D4 /* NewHotCell.swift */; };
		C15052792A6E6503002E75D4 /* DateHeaderView.swift in Sources */ = {isa = PBXBuildFile; fileRef = C15052782A6E6503002E75D4 /* DateHeaderView.swift */; };
		C177F6272A78F0CD000EC9BD /* CommonUti.swift in Sources */ = {isa = PBXBuildFile; fileRef = C177F6262A78F0CD000EC9BD /* CommonUti.swift */; };
		C1C3D7662A6624180036B796 /* AppDelegate.swift in Sources */ = {isa = PBXBuildFile; fileRef = C1C3D7652A6624180036B796 /* AppDelegate.swift */; };
		C1C3D7682A6624180036B796 /* SceneDelegate.swift in Sources */ = {isa = PBXBuildFile; fileRef = C1C3D7672A6624180036B796 /* SceneDelegate.swift */; };
		C1C3D76A2A6624180036B796 /* HomeViewController.swift in Sources */ = {isa = PBXBuildFile; fileRef = C1C3D7692A6624180036B796 /* HomeViewController.swift */; };
		C1C3D76D2A6624180036B796 /* Home.storyboard in Resources */ = {isa = PBXBuildFile; fileRef = C1C3D76B2A6624180036B796 /* Home.storyboard */; };
		C1C3D76F2A66241A0036B796 /* Assets.xcassets in Resources */ = {isa = PBXBuildFile; fileRef = C1C3D76E2A66241A0036B796 /* Assets.xcassets */; };
		C1C3D7722A66241A0036B796 /* LaunchScreen.storyboard in Resources */ = {isa = PBXBuildFile; fileRef = C1C3D7702A66241A0036B796 /* LaunchScreen.storyboard */; };
		C1C3D77D2A66241B0036B796 /* Netflix_Clone_exTests.swift in Sources */ = {isa = PBXBuildFile; fileRef = C1C3D77C2A66241B0036B796 /* Netflix_Clone_exTests.swift */; };
		C1C3D7872A66241B0036B796 /* Netflix_Clone_exUITests.swift in Sources */ = {isa = PBXBuildFile; fileRef = C1C3D7862A66241B0036B796 /* Netflix_Clone_exUITests.swift */; };
		C1C3D7892A66241B0036B796 /* Netflix_Clone_exUITestsLaunchTests.swift in Sources */ = {isa = PBXBuildFile; fileRef = C1C3D7882A66241B0036B796 /* Netflix_Clone_exUITestsLaunchTests.swift */; };
		C1C3D7962A662B5F0036B796 /* MainTabbarViewController.swift in Sources */ = {isa = PBXBuildFile; fileRef = C1C3D7952A662B5F0036B796 /* MainTabbarViewController.swift */; };
		C1C3D7982A662B850036B796 /* BaseTabBar.storyboard in Resources */ = {isa = PBXBuildFile; fileRef = C1C3D7972A662B850036B796 /* BaseTabBar.storyboard */; };
		C1C3D79E2A662E7C0036B796 /* NewHotViewController.swift in Sources */ = {isa = PBXBuildFile; fileRef = C1C3D79D2A662E7C0036B796 /* NewHotViewController.swift */; };
		C1C3D7A02A662E890036B796 /* NewHot.storyboard in Resources */ = {isa = PBXBuildFile; fileRef = C1C3D79F2A662E890036B796 /* NewHot.storyboard */; };
		C1CBF19D2A692DCF00FE89A7 /* HomeCollectionViewCell.swift in Sources */ = {isa = PBXBuildFile; fileRef = C1CBF19B2A692DCF00FE89A7 /* HomeCollectionViewCell.swift */; };
		C1CBF19E2A692DCF00FE89A7 /* HomeCollectionViewCell.xib in Resources */ = {isa = PBXBuildFile; fileRef = C1CBF19C2A692DCF00FE89A7 /* HomeCollectionViewCell.xib */; };
		C1CBF1A12A69462800FE89A7 /* MovieModel.swift in Sources */ = {isa = PBXBuildFile; fileRef = C1CBF1A02A69462800FE89A7 /* MovieModel.swift */; };
		C1CBF1A32A694A7500FE89A7 /* NetworkLayer.swift in Sources */ = {isa = PBXBuildFile; fileRef = C1CBF1A22A694A7500FE89A7 /* NetworkLayer.swift */; };
		C1CBF1A52A694E7500FE89A7 /* TypeInfo.swift in Sources */ = {isa = PBXBuildFile; fileRef = C1CBF1A42A694E7500FE89A7 /* TypeInfo.swift */; };
		C1CBF1A72A6D411E00FE89A7 /* HomeTableViewHeaderView.swift in Sources */ = {isa = PBXBuildFile; fileRef = C1CBF1A62A6D411E00FE89A7 /* HomeTableViewHeaderView.swift */; };
		C1D492702A720B4F009182E8 /* DetailViewController.swift in Sources */ = {isa = PBXBuildFile; fileRef = C1D4926E2A720B4F009182E8 /* DetailViewController.swift */; };
		C1D492712A720B4F009182E8 /* DetailViewController.xib in Resources */ = {isa = PBXBuildFile; fileRef = C1D4926F2A720B4F009182E8 /* DetailViewController.xib */; };
/* End PBXBuildFile section */

/* Begin PBXContainerItemProxy section */
		C1C3D7792A66241B0036B796 /* PBXContainerItemProxy */ = {
			isa = PBXContainerItemProxy;
			containerPortal = C1C3D75A2A6624180036B796 /* Project object */;
			proxyType = 1;
			remoteGlobalIDString = C1C3D7612A6624180036B796;
			remoteInfo = Netflix_Clone_ex;
		};
		C1C3D7832A66241B0036B796 /* PBXContainerItemProxy */ = {
			isa = PBXContainerItemProxy;
			containerPortal = C1C3D75A2A6624180036B796 /* Project object */;
			proxyType = 1;
			remoteGlobalIDString = C1C3D7612A6624180036B796;
			remoteInfo = Netflix_Clone_ex;
		};
/* End PBXContainerItemProxy section */

/* Begin PBXFileReference section */
		C11062BF2A677ADA004D6A81 /* HomeNaviViewController.swift */ = {isa = PBXFileReference; lastKnownFileType = sourcecode.swift; path = HomeNaviViewController.swift; sourceTree = "<group>"; };
		C138CDE42A68C71E005FD6E0 /* HomeTableHeaderView.swift */ = {isa = PBXFileReference; lastKnownFileType = sourcecode.swift; path = HomeTableHeaderView.swift; sourceTree = "<group>"; };
		C138CDE62A692990005FD6E0 /* HomeCell.swift */ = {isa = PBXFileReference; lastKnownFileType = sourcecode.swift; path = HomeCell.swift; sourceTree = "<group>"; };
		C138CDE72A692990005FD6E0 /* HomeCell.xib */ = {isa = PBXFileReference; lastKnownFileType = file.xib; path = HomeCell.xib; sourceTree = "<group>"; };
		C15052752A6E0A43002E75D4 /* NewHotCell.swift */ = {isa = PBXFileReference; lastKnownFileType = sourcecode.swift; path = NewHotCell.swift; sourceTree = "<group>"; };
		C15052782A6E6503002E75D4 /* DateHeaderView.swift */ = {isa = PBXFileReference; lastKnownFileType = sourcecode.swift; path = DateHeaderView.swift; sourceTree = "<group>"; };
		C177F6262A78F0CD000EC9BD /* CommonUti.swift */ = {isa = PBXFileReference; lastKnownFileType = sourcecode.swift; path = CommonUti.swift; sourceTree = "<group>"; };
		C1C3D7622A6624180036B796 /* Netflix_Clone_ex.app */ = {isa = PBXFileReference; explicitFileType = wrapper.application; includeInIndex = 0; path = Netflix_Clone_ex.app; sourceTree = BUILT_PRODUCTS_DIR; };
		C1C3D7652A6624180036B796 /* AppDelegate.swift */ = {isa = PBXFileReference; lastKnownFileType = sourcecode.swift; path = AppDelegate.swift; sourceTree = "<group>"; };
		C1C3D7672A6624180036B796 /* SceneDelegate.swift */ = {isa = PBXFileReference; lastKnownFileType = sourcecode.swift; path = SceneDelegate.swift; sourceTree = "<group>"; };
		C1C3D7692A6624180036B796 /* HomeViewController.swift */ = {isa = PBXFileReference; lastKnownFileType = sourcecode.swift; path = HomeViewController.swift; sourceTree = "<group>"; };
		C1C3D76C2A6624180036B796 /* Base */ = {isa = PBXFileReference; lastKnownFileType = file.storyboard; name = Base; path = Base.lproj/Home.storyboard; sourceTree = "<group>"; };
		C1C3D76E2A66241A0036B796 /* Assets.xcassets */ = {isa = PBXFileReference; lastKnownFileType = folder.assetcatalog; path = Assets.xcassets; sourceTree = "<group>"; };
		C1C3D7712A66241A0036B796 /* Base */ = {isa = PBXFileReference; lastKnownFileType = file.storyboard; name = Base; path = Base.lproj/LaunchScreen.storyboard; sourceTree = "<group>"; };
		C1C3D7732A66241A0036B796 /* Info.plist */ = {isa = PBXFileReference; lastKnownFileType = text.plist.xml; path = Info.plist; sourceTree = "<group>"; };
		C1C3D7782A66241B0036B796 /* Netflix_Clone_exTests.xctest */ = {isa = PBXFileReference; explicitFileType = wrapper.cfbundle; includeInIndex = 0; path = Netflix_Clone_exTests.xctest; sourceTree = BUILT_PRODUCTS_DIR; };
		C1C3D77C2A66241B0036B796 /* Netflix_Clone_exTests.swift */ = {isa = PBXFileReference; lastKnownFileType = sourcecode.swift; path = Netflix_Clone_exTests.swift; sourceTree = "<group>"; };
		C1C3D7822A66241B0036B796 /* Netflix_Clone_exUITests.xctest */ = {isa = PBXFileReference; explicitFileType = wrapper.cfbundle; includeInIndex = 0; path = Netflix_Clone_exUITests.xctest; sourceTree = BUILT_PRODUCTS_DIR; };
		C1C3D7862A66241B0036B796 /* Netflix_Clone_exUITests.swift */ = {isa = PBXFileReference; lastKnownFileType = sourcecode.swift; path = Netflix_Clone_exUITests.swift; sourceTree = "<group>"; };
		C1C3D7882A66241B0036B796 /* Netflix_Clone_exUITestsLaunchTests.swift */ = {isa = PBXFileReference; lastKnownFileType = sourcecode.swift; path = Netflix_Clone_exUITestsLaunchTests.swift; sourceTree = "<group>"; };
		C1C3D7952A662B5F0036B796 /* MainTabbarViewController.swift */ = {isa = PBXFileReference; lastKnownFileType = sourcecode.swift; path = MainTabbarViewController.swift; sourceTree = "<group>"; };
		C1C3D7972A662B850036B796 /* BaseTabBar.storyboard */ = {isa = PBXFileReference; lastKnownFileType = file.storyboard; path = BaseTabBar.storyboard; sourceTree = "<group>"; };
		C1C3D79D2A662E7C0036B796 /* NewHotViewController.swift */ = {isa = PBXFileReference; lastKnownFileType = sourcecode.swift; path = NewHotViewController.swift; sourceTree = "<group>"; };
		C1C3D79F2A662E890036B796 /* NewHot.storyboard */ = {isa = PBXFileReference; lastKnownFileType = file.storyboard; path = NewHot.storyboard; sourceTree = "<group>"; };
		C1CBF19B2A692DCF00FE89A7 /* HomeCollectionViewCell.swift */ = {isa = PBXFileReference; lastKnownFileType = sourcecode.swift; path = HomeCollectionViewCell.swift; sourceTree = "<group>"; };
		C1CBF19C2A692DCF00FE89A7 /* HomeCollectionViewCell.xib */ = {isa = PBXFileReference; lastKnownFileType = file.xib; path = HomeCollectionViewCell.xib; sourceTree = "<group>"; };
		C1CBF1A02A69462800FE89A7 /* MovieModel.swift */ = {isa = PBXFileReference; lastKnownFileType = sourcecode.swift; path = MovieModel.swift; sourceTree = "<group>"; };
		C1CBF1A22A694A7500FE89A7 /* NetworkLayer.swift */ = {isa = PBXFileReference; lastKnownFileType = sourcecode.swift; path = NetworkLayer.swift; sourceTree = "<group>"; };
		C1CBF1A42A694E7500FE89A7 /* TypeInfo.swift */ = {isa = PBXFileReference; lastKnownFileType = sourcecode.swift; path = TypeInfo.swift; sourceTree = "<group>"; };
		C1CBF1A62A6D411E00FE89A7 /* HomeTableViewHeaderView.swift */ = {isa = PBXFileReference; lastKnownFileType = sourcecode.swift; path = HomeTableViewHeaderView.swift; sourceTree = "<group>"; };
		C1D4926E2A720B4F009182E8 /* DetailViewController.swift */ = {isa = PBXFileReference; lastKnownFileType = sourcecode.swift; path = DetailViewController.swift; sourceTree = "<group>"; };
		C1D4926F2A720B4F009182E8 /* DetailViewController.xib */ = {isa = PBXFileReference; lastKnownFileType = file.xib; path = DetailViewController.xib; sourceTree = "<group>"; };
/* End PBXFileReference section */

/* Begin PBXFrameworksBuildPhase section */
		C1C3D75F2A6624180036B796 /* Frameworks */ = {
			isa = PBXFrameworksBuildPhase;
			buildActionMask = 2147483647;
			files = (
			);
			runOnlyForDeploymentPostprocessing = 0;
		};
		C1C3D7752A66241B0036B796 /* Frameworks */ = {
			isa = PBXFrameworksBuildPhase;
			buildActionMask = 2147483647;
			files = (
			);
			runOnlyForDeploymentPostprocessing = 0;
		};
		C1C3D77F2A66241B0036B796 /* Frameworks */ = {
			isa = PBXFrameworksBuildPhase;
			buildActionMask = 2147483647;
			files = (
			);
			runOnlyForDeploymentPostprocessing = 0;
		};
/* End PBXFrameworksBuildPhase section */

/* Begin PBXGroup section */
		C138CDEA2A692995005FD6E0 /* Home Cell */ = {
			isa = PBXGroup;
			children = (
				C138CDE62A692990005FD6E0 /* HomeCell.swift */,
				C138CDE72A692990005FD6E0 /* HomeCell.xib */,
				C1CBF1982A692D7500FE89A7 /* horizontal Cell */,
			);
			path = "Home Cell";
			sourceTree = "<group>";
		};
		C15052772A6E0A47002E75D4 /* New Hot Cell */ = {
			isa = PBXGroup;
			children = (
				C15052752A6E0A43002E75D4 /* NewHotCell.swift */,
			);
			path = "New Hot Cell";
			sourceTree = "<group>";
		};
		C1C3D7592A6624180036B796 = {
			isa = PBXGroup;
			children = (
				C1C3D7642A6624180036B796 /* Netflix_Clone_ex */,
				C1C3D77B2A66241B0036B796 /* Netflix_Clone_exTests */,
				C1C3D7852A66241B0036B796 /* Netflix_Clone_exUITests */,
				C1C3D7632A6624180036B796 /* Products */,
			);
			sourceTree = "<group>";
		};
		C1C3D7632A6624180036B796 /* Products */ = {
			isa = PBXGroup;
			children = (
				C1C3D7622A6624180036B796 /* Netflix_Clone_ex.app */,
				C1C3D7782A66241B0036B796 /* Netflix_Clone_exTests.xctest */,
				C1C3D7822A66241B0036B796 /* Netflix_Clone_exUITests.xctest */,
			);
			name = Products;
			sourceTree = "<group>";
		};
		C1C3D7642A6624180036B796 /* Netflix_Clone_ex */ = {
			isa = PBXGroup;
			children = (
				C1C3D7652A6624180036B796 /* AppDelegate.swift */,
				C1C3D7672A6624180036B796 /* SceneDelegate.swift */,
				C1D4926D2A720B1B009182E8 /* Detail */,
				C1CBF1A42A694E7500FE89A7 /* TypeInfo.swift */,
				C1CBF19F2A69460C00FE89A7 /* Network */,
				C1C3D79C2A662C720036B796 /* New Hot VC */,
				C1C3D79B2A662C690036B796 /* Home VC */,
				C1C3D79A2A662BB00036B796 /* Tabbar */,
				C1C3D76E2A66241A0036B796 /* Assets.xcassets */,
				C1C3D7702A66241A0036B796 /* LaunchScreen.storyboard */,
				C1C3D7732A66241A0036B796 /* Info.plist */,
			);
			path = Netflix_Clone_ex;
			sourceTree = "<group>";
		};
		C1C3D77B2A66241B0036B796 /* Netflix_Clone_exTests */ = {
			isa = PBXGroup;
			children = (
				C1C3D77C2A66241B0036B796 /* Netflix_Clone_exTests.swift */,
			);
			path = Netflix_Clone_exTests;
			sourceTree = "<group>";
		};
		C1C3D7852A66241B0036B796 /* Netflix_Clone_exUITests */ = {
			isa = PBXGroup;
			children = (
				C1C3D7862A66241B0036B796 /* Netflix_Clone_exUITests.swift */,
				C1C3D7882A66241B0036B796 /* Netflix_Clone_exUITestsLaunchTests.swift */,
			);
			path = Netflix_Clone_exUITests;
			sourceTree = "<group>";
		};
		C1C3D79A2A662BB00036B796 /* Tabbar */ = {
			isa = PBXGroup;
			children = (
				C1C3D7952A662B5F0036B796 /* MainTabbarViewController.swift */,
				C1C3D7972A662B850036B796 /* BaseTabBar.storyboard */,
			);
			path = Tabbar;
			sourceTree = "<group>";
		};
		C1C3D79B2A662C690036B796 /* Home VC */ = {
			isa = PBXGroup;
			children = (
				C1CBF1A82A6D412C00FE89A7 /* TableHeader */,
				C11062BF2A677ADA004D6A81 /* HomeNaviViewController.swift */,
				C1C3D7692A6624180036B796 /* HomeViewController.swift */,
				C1C3D76B2A6624180036B796 /* Home.storyboard */,
				C138CDE42A68C71E005FD6E0 /* HomeTableHeaderView.swift */,
				C138CDEA2A692995005FD6E0 /* Home Cell */,
			);
			path = "Home VC";
			sourceTree = "<group>";
		};
		C1C3D79C2A662C720036B796 /* New Hot VC */ = {
			isa = PBXGroup;
			children = (
				C1C3D79D2A662E7C0036B796 /* NewHotViewController.swift */,
				C1C3D79F2A662E890036B796 /* NewHot.storyboard */,
				C15052782A6E6503002E75D4 /* DateHeaderView.swift */,
				C177F6262A78F0CD000EC9BD /* CommonUti.swift */,
				C15052772A6E0A47002E75D4 /* New Hot Cell */,
			);
			path = "New Hot VC";
			sourceTree = "<group>";
		};
		C1CBF1982A692D7500FE89A7 /* horizontal Cell */ = {
			isa = PBXGroup;
			children = (
				C1CBF19B2A692DCF00FE89A7 /* HomeCollectionViewCell.swift */,
				C1CBF19C2A692DCF00FE89A7 /* HomeCollectionViewCell.xib */,
			);
			path = "horizontal Cell";
			sourceTree = "<group>";
		};
		C1CBF19F2A69460C00FE89A7 /* Network */ = {
			isa = PBXGroup;
			children = (
				C1CBF1A02A69462800FE89A7 /* MovieModel.swift */,
				C1CBF1A22A694A7500FE89A7 /* NetworkLayer.swift */,
			);
			path = Network;
			sourceTree = "<group>";
		};
		C1CBF1A82A6D412C00FE89A7 /* TableHeader */ = {
			isa = PBXGroup;
			children = (
				C1CBF1A62A6D411E00FE89A7 /* HomeTableViewHeaderView.swift */,
			);
			path = TableHeader;
			sourceTree = "<group>";
		};
		C1D4926D2A720B1B009182E8 /* Detail */ = {
			isa = PBXGroup;
			children = (
				C1D4926E2A720B4F009182E8 /* DetailViewController.swift */,
				C1D4926F2A720B4F009182E8 /* DetailViewController.xib */,
			);
			path = Detail;
			sourceTree = "<group>";
		};
/* End PBXGroup section */

/* Begin PBXNativeTarget section */
		C1C3D7612A6624180036B796 /* Netflix_Clone_ex */ = {
			isa = PBXNativeTarget;
			buildConfigurationList = C1C3D78C2A66241B0036B796 /* Build configuration list for PBXNativeTarget "Netflix_Clone_ex" */;
			buildPhases = (
				C1C3D75E2A6624180036B796 /* Sources */,
				C1C3D75F2A6624180036B796 /* Frameworks */,
				C1C3D7602A6624180036B796 /* Resources */,
			);
			buildRules = (
			);
			dependencies = (
			);
			name = Netflix_Clone_ex;
			productName = Netflix_Clone_ex;
			productReference = C1C3D7622A6624180036B796 /* Netflix_Clone_ex.app */;
			productType = "com.apple.product-type.application";
		};
		C1C3D7772A66241B0036B796 /* Netflix_Clone_exTests */ = {
			isa = PBXNativeTarget;
			buildConfigurationList = C1C3D78F2A66241B0036B796 /* Build configuration list for PBXNativeTarget "Netflix_Clone_exTests" */;
			buildPhases = (
				C1C3D7742A66241B0036B796 /* Sources */,
				C1C3D7752A66241B0036B796 /* Frameworks */,
				C1C3D7762A66241B0036B796 /* Resources */,
			);
			buildRules = (
			);
			dependencies = (
				C1C3D77A2A66241B0036B796 /* PBXTargetDependency */,
			);
			name = Netflix_Clone_exTests;
			productName = Netflix_Clone_exTests;
			productReference = C1C3D7782A66241B0036B796 /* Netflix_Clone_exTests.xctest */;
			productType = "com.apple.product-type.bundle.unit-test";
		};
		C1C3D7812A66241B0036B796 /* Netflix_Clone_exUITests */ = {
			isa = PBXNativeTarget;
			buildConfigurationList = C1C3D7922A66241B0036B796 /* Build configuration list for PBXNativeTarget "Netflix_Clone_exUITests" */;
			buildPhases = (
				C1C3D77E2A66241B0036B796 /* Sources */,
				C1C3D77F2A66241B0036B796 /* Frameworks */,
				C1C3D7802A66241B0036B796 /* Resources */,
			);
			buildRules = (
			);
			dependencies = (
				C1C3D7842A66241B0036B796 /* PBXTargetDependency */,
			);
			name = Netflix_Clone_exUITests;
			productName = Netflix_Clone_exUITests;
			productReference = C1C3D7822A66241B0036B796 /* Netflix_Clone_exUITests.xctest */;
			productType = "com.apple.product-type.bundle.ui-testing";
		};
/* End PBXNativeTarget section */

/* Begin PBXProject section */
		C1C3D75A2A6624180036B796 /* Project object */ = {
			isa = PBXProject;
			attributes = {
				BuildIndependentTargetsInParallel = 1;
				LastSwiftUpdateCheck = 1430;
				LastUpgradeCheck = 1430;
				TargetAttributes = {
					C1C3D7612A6624180036B796 = {
						CreatedOnToolsVersion = 14.3;
					};
					C1C3D7772A66241B0036B796 = {
						CreatedOnToolsVersion = 14.3;
						TestTargetID = C1C3D7612A6624180036B796;
					};
					C1C3D7812A66241B0036B796 = {
						CreatedOnToolsVersion = 14.3;
						TestTargetID = C1C3D7612A6624180036B796;
					};
				};
			};
			buildConfigurationList = C1C3D75D2A6624180036B796 /* Build configuration list for PBXProject "Netflix_Clone_ex" */;
			compatibilityVersion = "Xcode 14.0";
			developmentRegion = en;
			hasScannedForEncodings = 0;
			knownRegions = (
				en,
				Base,
			);
			mainGroup = C1C3D7592A6624180036B796;
			productRefGroup = C1C3D7632A6624180036B796 /* Products */;
			projectDirPath = "";
			projectRoot = "";
			targets = (
				C1C3D7612A6624180036B796 /* Netflix_Clone_ex */,
				C1C3D7772A66241B0036B796 /* Netflix_Clone_exTests */,
				C1C3D7812A66241B0036B796 /* Netflix_Clone_exUITests */,
			);
		};
/* End PBXProject section */

/* Begin PBXResourcesBuildPhase section */
		C1C3D7602A6624180036B796 /* Resources */ = {
			isa = PBXResourcesBuildPhase;
			buildActionMask = 2147483647;
			files = (
				C1C3D7A02A662E890036B796 /* NewHot.storyboard in Resources */,
				C1C3D7722A66241A0036B796 /* LaunchScreen.storyboard in Resources */,
				C1C3D76F2A66241A0036B796 /* Assets.xcassets in Resources */,
				C1D492712A720B4F009182E8 /* DetailViewController.xib in Resources */,
				C1C3D76D2A6624180036B796 /* Home.storyboard in Resources */,
				C1CBF19E2A692DCF00FE89A7 /* HomeCollectionViewCell.xib in Resources */,
				C138CDE92A692990005FD6E0 /* HomeCell.xib in Resources */,
				C1C3D7982A662B850036B796 /* BaseTabBar.storyboard in Resources */,
			);
			runOnlyForDeploymentPostprocessing = 0;
		};
		C1C3D7762A66241B0036B796 /* Resources */ = {
			isa = PBXResourcesBuildPhase;
			buildActionMask = 2147483647;
			files = (
			);
			runOnlyForDeploymentPostprocessing = 0;
		};
		C1C3D7802A66241B0036B796 /* Resources */ = {
			isa = PBXResourcesBuildPhase;
			buildActionMask = 2147483647;
			files = (
			);
			runOnlyForDeploymentPostprocessing = 0;
		};
/* End PBXResourcesBuildPhase section */

/* Begin PBXSourcesBuildPhase section */
		C1C3D75E2A6624180036B796 /* Sources */ = {
			isa = PBXSourcesBuildPhase;
			buildActionMask = 2147483647;
			files = (
				C15052762A6E0A43002E75D4 /* NewHotCell.swift in Sources */,
				C1C3D76A2A6624180036B796 /* HomeViewController.swift in Sources */,
				C1C3D79E2A662E7C0036B796 /* NewHotViewController.swift in Sources */,
				C1CBF1A12A69462800FE89A7 /* MovieModel.swift in Sources */,
				C177F6272A78F0CD000EC9BD /* CommonUti.swift in Sources */,
				C138CDE82A692990005FD6E0 /* HomeCell.swift in Sources */,
				C15052792A6E6503002E75D4 /* DateHeaderView.swift in Sources */,
				C1C3D7962A662B5F0036B796 /* MainTabbarViewController.swift in Sources */,
				C1D492702A720B4F009182E8 /* DetailViewController.swift in Sources */,
				C1CBF1A32A694A7500FE89A7 /* NetworkLayer.swift in Sources */,
				C11062C02A677ADA004D6A81 /* HomeNaviViewController.swift in Sources */,
				C1CBF1A72A6D411E00FE89A7 /* HomeTableViewHeaderView.swift in Sources */,
				C1CBF1A52A694E7500FE89A7 /* TypeInfo.swift in Sources */,
				C1CBF19D2A692DCF00FE89A7 /* HomeCollectionViewCell.swift in Sources */,
				C1C3D7662A6624180036B796 /* AppDelegate.swift in Sources */,
				C1C3D7682A6624180036B796 /* SceneDelegate.swift in Sources */,
				C138CDE52A68C71E005FD6E0 /* HomeTableHeaderView.swift in Sources */,
			);
			runOnlyForDeploymentPostprocessing = 0;
		};
		C1C3D7742A66241B0036B796 /* Sources */ = {
			isa = PBXSourcesBuildPhase;
			buildActionMask = 2147483647;
			files = (
				C1C3D77D2A66241B0036B796 /* Netflix_Clone_exTests.swift in Sources */,
			);
			runOnlyForDeploymentPostprocessing = 0;
		};
		C1C3D77E2A66241B0036B796 /* Sources */ = {
			isa = PBXSourcesBuildPhase;
			buildActionMask = 2147483647;
			files = (
				C1C3D7892A66241B0036B796 /* Netflix_Clone_exUITestsLaunchTests.swift in Sources */,
				C1C3D7872A66241B0036B796 /* Netflix_Clone_exUITests.swift in Sources */,
			);
			runOnlyForDeploymentPostprocessing = 0;
		};
/* End PBXSourcesBuildPhase section */

/* Begin PBXTargetDependency section */
		C1C3D77A2A66241B0036B796 /* PBXTargetDependency */ = {
			isa = PBXTargetDependency;
			target = C1C3D7612A6624180036B796 /* Netflix_Clone_ex */;
			targetProxy = C1C3D7792A66241B0036B796 /* PBXContainerItemProxy */;
		};
		C1C3D7842A66241B0036B796 /* PBXTargetDependency */ = {
			isa = PBXTargetDependency;
			target = C1C3D7612A6624180036B796 /* Netflix_Clone_ex */;
			targetProxy = C1C3D7832A66241B0036B796 /* PBXContainerItemProxy */;
		};
/* End PBXTargetDependency section */

/* Begin PBXVariantGroup section */
		C1C3D76B2A6624180036B796 /* Home.storyboard */ = {
			isa = PBXVariantGroup;
			children = (
				C1C3D76C2A6624180036B796 /* Base */,
			);
			name = Home.storyboard;
			sourceTree = "<group>";
		};
		C1C3D7702A66241A0036B796 /* LaunchScreen.storyboard */ = {
			isa = PBXVariantGroup;
			children = (
				C1C3D7712A66241A0036B796 /* Base */,
			);
			name = LaunchScreen.storyboard;
			sourceTree = "<group>";
		};
/* End PBXVariantGroup section */

/* Begin XCBuildConfiguration section */
		C1C3D78A2A66241B0036B796 /* Debug */ = {
			isa = XCBuildConfiguration;
			buildSettings = {
				ALWAYS_SEARCH_USER_PATHS = NO;
				CLANG_ANALYZER_NONNULL = YES;
				CLANG_ANALYZER_NUMBER_OBJECT_CONVERSION = YES_AGGRESSIVE;
				CLANG_CXX_LANGUAGE_STANDARD = "gnu++20";
				CLANG_ENABLE_MODULES = YES;
				CLANG_ENABLE_OBJC_ARC = YES;
				CLANG_ENABLE_OBJC_WEAK = YES;
				CLANG_WARN_BLOCK_CAPTURE_AUTORELEASING = YES;
				CLANG_WARN_BOOL_CONVERSION = YES;
				CLANG_WARN_COMMA = YES;
				CLANG_WARN_CONSTANT_CONVERSION = YES;
				CLANG_WARN_DEPRECATED_OBJC_IMPLEMENTATIONS = YES;
				CLANG_WARN_DIRECT_OBJC_ISA_USAGE = YES_ERROR;
				CLANG_WARN_DOCUMENTATION_COMMENTS = YES;
				CLANG_WARN_EMPTY_BODY = YES;
				CLANG_WARN_ENUM_CONVERSION = YES;
				CLANG_WARN_INFINITE_RECURSION = YES;
				CLANG_WARN_INT_CONVERSION = YES;
				CLANG_WARN_NON_LITERAL_NULL_CONVERSION = YES;
				CLANG_WARN_OBJC_IMPLICIT_RETAIN_SELF = YES;
				CLANG_WARN_OBJC_LITERAL_CONVERSION = YES;
				CLANG_WARN_OBJC_ROOT_CLASS = YES_ERROR;
				CLANG_WARN_QUOTED_INCLUDE_IN_FRAMEWORK_HEADER = YES;
				CLANG_WARN_RANGE_LOOP_ANALYSIS = YES;
				CLANG_WARN_STRICT_PROTOTYPES = YES;
				CLANG_WARN_SUSPICIOUS_MOVE = YES;
				CLANG_WARN_UNGUARDED_AVAILABILITY = YES_AGGRESSIVE;
				CLANG_WARN_UNREACHABLE_CODE = YES;
				CLANG_WARN__DUPLICATE_METHOD_MATCH = YES;
				COPY_PHASE_STRIP = NO;
				DEBUG_INFORMATION_FORMAT = dwarf;
				ENABLE_STRICT_OBJC_MSGSEND = YES;
				ENABLE_TESTABILITY = YES;
				GCC_C_LANGUAGE_STANDARD = gnu11;
				GCC_DYNAMIC_NO_PIC = NO;
				GCC_NO_COMMON_BLOCKS = YES;
				GCC_OPTIMIZATION_LEVEL = 0;
				GCC_PREPROCESSOR_DEFINITIONS = (
					"DEBUG=1",
					"$(inherited)",
				);
				GCC_WARN_64_TO_32_BIT_CONVERSION = YES;
				GCC_WARN_ABOUT_RETURN_TYPE = YES_ERROR;
				GCC_WARN_UNDECLARED_SELECTOR = YES;
				GCC_WARN_UNINITIALIZED_AUTOS = YES_AGGRESSIVE;
				GCC_WARN_UNUSED_FUNCTION = YES;
				GCC_WARN_UNUSED_VARIABLE = YES;
				IPHONEOS_DEPLOYMENT_TARGET = 16.4;
				MTL_ENABLE_DEBUG_INFO = INCLUDE_SOURCE;
				MTL_FAST_MATH = YES;
				ONLY_ACTIVE_ARCH = YES;
				SDKROOT = iphoneos;
				SWIFT_ACTIVE_COMPILATION_CONDITIONS = DEBUG;
				SWIFT_OPTIMIZATION_LEVEL = "-Onone";
			};
			name = Debug;
		};
		C1C3D78B2A66241B0036B796 /* Release */ = {
			isa = XCBuildConfiguration;
			buildSettings = {
				ALWAYS_SEARCH_USER_PATHS = NO;
				CLANG_ANALYZER_NONNULL = YES;
				CLANG_ANALYZER_NUMBER_OBJECT_CONVERSION = YES_AGGRESSIVE;
				CLANG_CXX_LANGUAGE_STANDARD = "gnu++20";
				CLANG_ENABLE_MODULES = YES;
				CLANG_ENABLE_OBJC_ARC = YES;
				CLANG_ENABLE_OBJC_WEAK = YES;
				CLANG_WARN_BLOCK_CAPTURE_AUTORELEASING = YES;
				CLANG_WARN_BOOL_CONVERSION = YES;
				CLANG_WARN_COMMA = YES;
				CLANG_WARN_CONSTANT_CONVERSION = YES;
				CLANG_WARN_DEPRECATED_OBJC_IMPLEMENTATIONS = YES;
				CLANG_WARN_DIRECT_OBJC_ISA_USAGE = YES_ERROR;
				CLANG_WARN_DOCUMENTATION_COMMENTS = YES;
				CLANG_WARN_EMPTY_BODY = YES;
				CLANG_WARN_ENUM_CONVERSION = YES;
				CLANG_WARN_INFINITE_RECURSION = YES;
				CLANG_WARN_INT_CONVERSION = YES;
				CLANG_WARN_NON_LITERAL_NULL_CONVERSION = YES;
				CLANG_WARN_OBJC_IMPLICIT_RETAIN_SELF = YES;
				CLANG_WARN_OBJC_LITERAL_CONVERSION = YES;
				CLANG_WARN_OBJC_ROOT_CLASS = YES_ERROR;
				CLANG_WARN_QUOTED_INCLUDE_IN_FRAMEWORK_HEADER = YES;
				CLANG_WARN_RANGE_LOOP_ANALYSIS = YES;
				CLANG_WARN_STRICT_PROTOTYPES = YES;
				CLANG_WARN_SUSPICIOUS_MOVE = YES;
				CLANG_WARN_UNGUARDED_AVAILABILITY = YES_AGGRESSIVE;
				CLANG_WARN_UNREACHABLE_CODE = YES;
				CLANG_WARN__DUPLICATE_METHOD_MATCH = YES;
				COPY_PHASE_STRIP = NO;
				DEBUG_INFORMATION_FORMAT = "dwarf-with-dsym";
				ENABLE_NS_ASSERTIONS = NO;
				ENABLE_STRICT_OBJC_MSGSEND = YES;
				GCC_C_LANGUAGE_STANDARD = gnu11;
				GCC_NO_COMMON_BLOCKS = YES;
				GCC_WARN_64_TO_32_BIT_CONVERSION = YES;
				GCC_WARN_ABOUT_RETURN_TYPE = YES_ERROR;
				GCC_WARN_UNDECLARED_SELECTOR = YES;
				GCC_WARN_UNINITIALIZED_AUTOS = YES_AGGRESSIVE;
				GCC_WARN_UNUSED_FUNCTION = YES;
				GCC_WARN_UNUSED_VARIABLE = YES;
				IPHONEOS_DEPLOYMENT_TARGET = 16.4;
				MTL_ENABLE_DEBUG_INFO = NO;
				MTL_FAST_MATH = YES;
				SDKROOT = iphoneos;
				SWIFT_COMPILATION_MODE = wholemodule;
				SWIFT_OPTIMIZATION_LEVEL = "-O";
				VALIDATE_PRODUCT = YES;
			};
			name = Release;
		};
		C1C3D78D2A66241B0036B796 /* Debug */ = {
			isa = XCBuildConfiguration;
			buildSettings = {
				ASSETCATALOG_COMPILER_APPICON_NAME = AppIcon;
				ASSETCATALOG_COMPILER_GLOBAL_ACCENT_COLOR_NAME = AccentColor;
				CODE_SIGN_STYLE = Automatic;
				CURRENT_PROJECT_VERSION = 1;
				DEVELOPMENT_TEAM = T92LV6HV88;
				GENERATE_INFOPLIST_FILE = YES;
				INFOPLIST_FILE = Netflix_Clone_ex/Info.plist;
				INFOPLIST_KEY_UIApplicationSupportsIndirectInputEvents = YES;
				INFOPLIST_KEY_UILaunchStoryboardName = LaunchScreen;
				INFOPLIST_KEY_UIMainStoryboardFile = BaseTabBar;
				INFOPLIST_KEY_UISupportedInterfaceOrientations_iPad = "UIInterfaceOrientationPortrait UIInterfaceOrientationPortraitUpsideDown UIInterfaceOrientationLandscapeLeft UIInterfaceOrientationLandscapeRight";
				INFOPLIST_KEY_UISupportedInterfaceOrientations_iPhone = "UIInterfaceOrientationPortrait UIInterfaceOrientationLandscapeLeft UIInterfaceOrientationLandscapeRight";
				LD_RUNPATH_SEARCH_PATHS = (
					"$(inherited)",
					"@executable_path/Frameworks",
				);
				MARKETING_VERSION = 1.0;
				PRODUCT_BUNDLE_IDENTIFIER = "mugit.Netflix-Clone-ex";
				PRODUCT_NAME = "$(TARGET_NAME)";
				SWIFT_EMIT_LOC_STRINGS = YES;
				SWIFT_VERSION = 5.0;
				TARGETED_DEVICE_FAMILY = "1,2";
			};
			name = Debug;
		};
		C1C3D78E2A66241B0036B796 /* Release */ = {
			isa = XCBuildConfiguration;
			buildSettings = {
				ASSETCATALOG_COMPILER_APPICON_NAME = AppIcon;
				ASSETCATALOG_COMPILER_GLOBAL_ACCENT_COLOR_NAME = AccentColor;
				CODE_SIGN_STYLE = Automatic;
				CURRENT_PROJECT_VERSION = 1;
				DEVELOPMENT_TEAM = T92LV6HV88;
				GENERATE_INFOPLIST_FILE = YES;
				INFOPLIST_FILE = Netflix_Clone_ex/Info.plist;
				INFOPLIST_KEY_UIApplicationSupportsIndirectInputEvents = YES;
				INFOPLIST_KEY_UILaunchStoryboardName = LaunchScreen;
				INFOPLIST_KEY_UIMainStoryboardFile = BaseTabBar;
				INFOPLIST_KEY_UISupportedInterfaceOrientations_iPad = "UIInterfaceOrientationPortrait UIInterfaceOrientationPortraitUpsideDown UIInterfaceOrientationLandscapeLeft UIInterfaceOrientationLandscapeRight";
				INFOPLIST_KEY_UISupportedInterfaceOrientations_iPhone = "UIInterfaceOrientationPortrait UIInterfaceOrientationLandscapeLeft UIInterfaceOrientationLandscapeRight";
				LD_RUNPATH_SEARCH_PATHS = (
					"$(inherited)",
					"@executable_path/Frameworks",
				);
				MARKETING_VERSION = 1.0;
				PRODUCT_BUNDLE_IDENTIFIER = "mugit.Netflix-Clone-ex";
				PRODUCT_NAME = "$(TARGET_NAME)";
				SWIFT_EMIT_LOC_STRINGS = YES;
				SWIFT_VERSION = 5.0;
				TARGETED_DEVICE_FAMILY = "1,2";
			};
			name = Release;
		};
		C1C3D7902A66241B0036B796 /* Debug */ = {
			isa = XCBuildConfiguration;
			buildSettings = {
				ALWAYS_EMBED_SWIFT_STANDARD_LIBRARIES = YES;
				BUNDLE_LOADER = "$(TEST_HOST)";
				CODE_SIGN_STYLE = Automatic;
				CURRENT_PROJECT_VERSION = 1;
				GENERATE_INFOPLIST_FILE = YES;
				IPHONEOS_DEPLOYMENT_TARGET = 16.4;
				MARKETING_VERSION = 1.0;
				PRODUCT_BUNDLE_IDENTIFIER = "mugit.Netflix-Clone-exTests";
				PRODUCT_NAME = "$(TARGET_NAME)";
				SWIFT_EMIT_LOC_STRINGS = NO;
				SWIFT_VERSION = 5.0;
				TARGETED_DEVICE_FAMILY = "1,2";
				TEST_HOST = "$(BUILT_PRODUCTS_DIR)/Netflix_Clone_ex.app/$(BUNDLE_EXECUTABLE_FOLDER_PATH)/Netflix_Clone_ex";
			};
			name = Debug;
		};
		C1C3D7912A66241B0036B796 /* Release */ = {
			isa = XCBuildConfiguration;
			buildSettings = {
				ALWAYS_EMBED_SWIFT_STANDARD_LIBRARIES = YES;
				BUNDLE_LOADER = "$(TEST_HOST)";
				CODE_SIGN_STYLE = Automatic;
				CURRENT_PROJECT_VERSION = 1;
				GENERATE_INFOPLIST_FILE = YES;
				IPHONEOS_DEPLOYMENT_TARGET = 16.4;
				MARKETING_VERSION = 1.0;
				PRODUCT_BUNDLE_IDENTIFIER = "mugit.Netflix-Clone-exTests";
				PRODUCT_NAME = "$(TARGET_NAME)";
				SWIFT_EMIT_LOC_STRINGS = NO;
				SWIFT_VERSION = 5.0;
				TARGETED_DEVICE_FAMILY = "1,2";
				TEST_HOST = "$(BUILT_PRODUCTS_DIR)/Netflix_Clone_ex.app/$(BUNDLE_EXECUTABLE_FOLDER_PATH)/Netflix_Clone_ex";
			};
			name = Release;
		};
		C1C3D7932A66241B0036B796 /* Debug */ = {
			isa = XCBuildConfiguration;
			buildSettings = {
				ALWAYS_EMBED_SWIFT_STANDARD_LIBRARIES = YES;
				CODE_SIGN_STYLE = Automatic;
				CURRENT_PROJECT_VERSION = 1;
				GENERATE_INFOPLIST_FILE = YES;
				MARKETING_VERSION = 1.0;
				PRODUCT_BUNDLE_IDENTIFIER = "mugit.Netflix-Clone-exUITests";
				PRODUCT_NAME = "$(TARGET_NAME)";
				SWIFT_EMIT_LOC_STRINGS = NO;
				SWIFT_VERSION = 5.0;
				TARGETED_DEVICE_FAMILY = "1,2";
				TEST_TARGET_NAME = Netflix_Clone_ex;
			};
			name = Debug;
		};
		C1C3D7942A66241B0036B796 /* Release */ = {
			isa = XCBuildConfiguration;
			buildSettings = {
				ALWAYS_EMBED_SWIFT_STANDARD_LIBRARIES = YES;
				CODE_SIGN_STYLE = Automatic;
				CURRENT_PROJECT_VERSION = 1;
				GENERATE_INFOPLIST_FILE = YES;
				MARKETING_VERSION = 1.0;
				PRODUCT_BUNDLE_IDENTIFIER = "mugit.Netflix-Clone-exUITests";
				PRODUCT_NAME = "$(TARGET_NAME)";
				SWIFT_EMIT_LOC_STRINGS = NO;
				SWIFT_VERSION = 5.0;
				TARGETED_DEVICE_FAMILY = "1,2";
				TEST_TARGET_NAME = Netflix_Clone_ex;
			};
			name = Release;
		};
/* End XCBuildConfiguration section */

/* Begin XCConfigurationList section */
		C1C3D75D2A6624180036B796 /* Build configuration list for PBXProject "Netflix_Clone_ex" */ = {
			isa = XCConfigurationList;
			buildConfigurations = (
				C1C3D78A2A66241B0036B796 /* Debug */,
				C1C3D78B2A66241B0036B796 /* Release */,
			);
			defaultConfigurationIsVisible = 0;
			defaultConfigurationName = Release;
		};
		C1C3D78C2A66241B0036B796 /* Build configuration list for PBXNativeTarget "Netflix_Clone_ex" */ = {
			isa = XCConfigurationList;
			buildConfigurations = (
				C1C3D78D2A66241B0036B796 /* Debug */,
				C1C3D78E2A66241B0036B796 /* Release */,
			);
			defaultConfigurationIsVisible = 0;
			defaultConfigurationName = Release;
		};
		C1C3D78F2A66241B0036B796 /* Build configuration list for PBXNativeTarget "Netflix_Clone_exTests" */ = {
			isa = XCConfigurationList;
			buildConfigurations = (
				C1C3D7902A66241B0036B796 /* Debug */,
				C1C3D7912A66241B0036B796 /* Release */,
			);
			defaultConfigurationIsVisible = 0;
			defaultConfigurationName = Release;
		};
		C1C3D7922A66241B0036B796 /* Build configuration list for PBXNativeTarget "Netflix_Clone_exUITests" */ = {
			isa = XCConfigurationList;
			buildConfigurations = (
				C1C3D7932A66241B0036B796 /* Debug */,
				C1C3D7942A66241B0036B796 /* Release */,
			);
			defaultConfigurationIsVisible = 0;
			defaultConfigurationName = Release;
		};
/* End XCConfigurationList section */
	};
	rootObject = C1C3D75A2A6624180036B796 /* Project object */;
}
